
Microsoft Visual Studio Solution File, Format Version 12.00
# Visual Studio Version 17
VisualStudioVersion = 17.6.33723.286
MinimumVisualStudioVersion = 10.0.40219.1
Project("{FAE04EC0-301F-11D3-BF4B-00C04F79EFBC}") = "FitBOOST.Android", "FitBOOST\FitBOOST.Android\FitBOOST.Android.csproj", "{88ECB7B7-9B50-4105-B9FF-80E63457332F}"
EndProject
Project("{FAE04EC0-301F-11D3-BF4B-00C04F79EFBC}") = "FitBOOST", "FitBOOST\FitBOOST\FitBOOST.csproj", "{4418E64F-BD0F-4B2E-B434-242162CFDA0C}"
EndProject
Global
	GlobalSection(SolutionConfigurationPlatforms) = preSolution
		Debug|Any CPU = Debug|Any CPU
		Release|Any CPU = Release|Any CPU
	EndGlobalSection
	GlobalSection(ProjectConfigurationPlatforms) = postSolution
		{88ECB7B7-9B50-4105-B9FF-80E63457332F}.Debug|Any CPU.ActiveCfg = Debug|Any CPU
		{88ECB7B7-9B50-4105-B9FF-80E63457332F}.Debug|Any CPU.Build.0 = Debug|Any CPU
		{88ECB7B7-9B50-4105-B9FF-80E63457332F}.Debug|Any CPU.Deploy.0 = Debug|Any CPU
		{88ECB7B7-9B50-4105-B9FF-80E63457332F}.Release|Any CPU.ActiveCfg = Release|Any CPU
		{88ECB7B7-9B50-4105-B9FF-80E63457332F}.Release|Any CPU.Build.0 = Release|Any CPU
		{88ECB7B7-9B50-4105-B9FF-80E63457332F}.Release|Any CPU.Deploy.0 = Release|Any CPU
		{4418E64F-BD0F-4B2E-B434-242162CFDA0C}.Debug|Any CPU.ActiveCfg = Debug|Any CPU
		{4418E64F-BD0F-4B2E-B434-242162CFDA0C}.Debug|Any CPU.Build.0 = Debug|Any CPU
		{4418E64F-BD0F-4B2E-B434-242162CFDA0C}.Debug|Any CPU.Deploy.0 = Debug|Any CPU
		{4418E64F-BD0F-4B2E-B434-242162CFDA0C}.Release|Any CPU.ActiveCfg = Release|Any CPU
		{4418E64F-BD0F-4B2E-B434-242162CFDA0C}.Release|Any CPU.Build.0 = Release|Any CPU
		{4418E64F-BD0F-4B2E-B434-242162CFDA0C}.Release|Any CPU.Deploy.0 = Release|Any CPU
	EndGlobalSection
	GlobalSection(SolutionProperties) = preSolution
		HideSolutionNode = FALSE
	EndGlobalSection
	GlobalSection(ExtensibilityGlobals) = postSolution
		SolutionGuid = {5600EDAE-C2D9-456E-B901-0F1D29E4D67A}
	EndGlobalSection
EndGlobal
